
Microsoft Visual Studio Solution File, Format Version 12.00
# Visual Studio Version 17
VisualStudioVersion = 17.2.32519.379
MinimumVisualStudioVersion = 10.0.40219.1
Project("{888888A0-9F3D-457C-B088-3A5042F75D52}") = "isikukood_19.12.2022", "isikukood_19.12.2022.pyproj", "{DCD51CE3-9A97-482B-BC22-89F6033DD0FE}"
EndProject
Global
	GlobalSection(SolutionConfigurationPlatforms) = preSolution
		Debug|Any CPU = Debug|Any CPU
		Release|Any CPU = Release|Any CPU
	EndGlobalSection
	GlobalSection(ProjectConfigurationPlatforms) = postSolution
		{DCD51CE3-9A97-482B-BC22-89F6033DD0FE}.Debug|Any CPU.ActiveCfg = Debug|Any CPU
		{DCD51CE3-9A97-482B-BC22-89F6033DD0FE}.Release|Any CPU.ActiveCfg = Release|Any CPU
	EndGlobalSection
	GlobalSection(SolutionProperties) = preSolution
		HideSolutionNode = FALSE
	EndGlobalSection
	GlobalSection(ExtensibilityGlobals) = postSolution
		SolutionGuid = {5431F096-DC80-45A0-B1BF-E8310CA3481E}
	EndGlobalSection
EndGlobal
